{
    "_readme": [
        "This file locks the dependencies of your project to a known state",
        "Read more about it at https://getcomposer.org/doc/01-basic-usage.md#installing-dependencies",
        "This file is @generated automatically"
    ],
    "content-hash": "5220b15e9fde580b0f1812970378ce25",
    "packages": [
        {
            "name": "firebase/php-jwt",
            "version": "v5.2.1",
            "source": {
                "type": "git",
                "url": "https://github.com/firebase/php-jwt.git",
                "reference": "f42c9110abe98dd6cfe9053c49bc86acc70b2d23"
            },
            "dist": {
                "type": "zip",
                "url": "https://api.github.com/repos/firebase/php-jwt/zipball/f42c9110abe98dd6cfe9053c49bc86acc70b2d23",
                "reference": "f42c9110abe98dd6cfe9053c49bc86acc70b2d23",
                "shasum": ""
            },
            "require": {
                "php": ">=5.3.0"
            },
            "require-dev": {
                "phpunit/phpunit": ">=4.8 <=9"
            },
            "type": "library",
            "autoload": {
                "psr-4": {
                    "Firebase\\JWT\\": "src"
                }
            },
            "notification-url": "https://packagist.org/downloads/",
            "license": [
                "BSD-3-Clause"
            ],
            "authors": [
                {
                    "name": "Neuman Vong",
                    "email": "neuman+pear@twilio.com",
                    "role": "Developer"
                },
                {
                    "name": "Anant Narayanan",
                    "email": "anant@php.net",
                    "role": "Developer"
                }
            ],
            "description": "A simple library to encode and decode JSON Web Tokens (JWT) in PHP. Should conform to the current spec.",
            "homepage": "https://github.com/firebase/php-jwt",
            "keywords": [
                "jwt",
                "php"
            ],
            "time": "2021-02-12T00:02:00+00:00"
        },
        {
            "name": "pecee/simple-router",
            "version": "4.3.2.1",
            "source": {
                "type": "git",
                "url": "https://github.com/skipperbent/simple-php-router.git",
                "reference": "2a573f27fe4c6874f0e3902280e4fb0f28d409f7"
            },
            "dist": {
                "type": "zip",
                "url": "https://api.github.com/repos/skipperbent/simple-php-router/zipball/2a573f27fe4c6874f0e3902280e4fb0f28d409f7",
                "reference": "2a573f27fe4c6874f0e3902280e4fb0f28d409f7",
                "shasum": ""
            },
            "require": {
                "ext-json": "*",
                "php": ">=7.1"
            },
            "require-dev": {
                "mockery/mockery": "^1",
                "phpunit/phpunit": "^7"
            },
            "type": "library",
            "autoload": {
                "psr-4": {
                    "Pecee\\": "src/Pecee/"
                }
            },
            "notification-url": "https://packagist.org/downloads/",
            "license": [
                "MIT"
            ],
            "authors": [
                {
                    "name": "Simon Sessingø",
                    "email": "simon.sessingoe@gmail.com"
                }
            ],
            "description": "Simple, fast PHP router that is easy to get integrated and in almost any project. Heavily inspired by the Laravel router.",
            "keywords": [
                "framework",
                "input-handler",
                "laravel",
                "pecee",
                "php",
                "request-handler",
                "route",
                "router",
                "routing",
                "routing-engine",
                "simple-php-router",
                "url-handling"
            ],
            "time": "2021-04-01T01:16:29+00:00"
        },
        {
            "name": "steampixel/simple-php-router",
            "version": "0.7.0",
            "source": {
                "type": "git",
                "url": "https://github.com/steampixel/simplePHPRouter.git",
                "reference": "91aec2d0bca3619c0552e2bfcebb8936e6f83bb9"
            },
            "dist": {
                "type": "zip",
                "url": "https://api.github.com/repos/steampixel/simplePHPRouter/zipball/91aec2d0bca3619c0552e2bfcebb8936e6f83bb9",
                "reference": "91aec2d0bca3619c0552e2bfcebb8936e6f83bb9",
                "shasum": ""
            },
            "type": "library",
            "autoload": {
                "psr-0": {
                    "Steampixel": "src/"
                }
            },
            "notification-url": "https://packagist.org/downloads/",
            "license": [
                "MIT"
            ],
            "authors": [
                {
                    "name": "Christoph Stitz",
                    "email": "info@steampixel.de",
                    "homepage": "https://steampixel.de/"
                },
                {
                    "name": "Maximilian Götz",
                    "email": "contact@maxbits.net",
                    "homepage": "https://www.maxbits.net/"
                }
            ],
            "description": "This is a simple and small PHP router that can handel the whole url routing for your project.",
            "time": "2021-03-22T08:11:59+00:00"
        }
    ],
    "packages-dev": [],
    "aliases": [],
    "minimum-stability": "stable",
    "stability-flags": [],
    "prefer-stable": false,
    "prefer-lowest": false,
    "platform": [],
    "platform-dev": [],
    "plugin-api-version": "1.1.0"
}
